<?xml version="1.0" encoding="utf-8"?>
<Project ToolsVersion="4.0" xmlns="http://schemas.microsoft.com/developer/msbuild/2003">
  <ItemGroup>
    <Filter Include="Source files">
      <UniqueIdentifier>{27dd37bb-5e4d-408f-b916-d93a1f6d4ba3}</UniqueIdentifier>
      <Extensions>cpp;c;cc;cxx;def;odl;idl;hpj;bat;asm;asmx</Extensions>
    </Filter>
    <Filter Include="Header files">
      <UniqueIdentifier>{df8c87bd-acc3-4c8e-bcd7-b4d0280ca869}</UniqueIdentifier>
      <Extensions>h;hpp;hxx;hm;inl;inc;xsd</Extensions>
    </Filter>
    <Filter Include="Resource files">
      <UniqueIdentifier>{0385163c-d9da-40f8-8078-85bb4dacce2e}</UniqueIdentifier>
      <Extensions>rc;ico;cur;bmp;dlg;rc2;rct;bin;rgs;gif;jpg;jpeg;jpe;resx;tiff;tif;png;wav</Extensions>
    </Filter>
    <Filter Include="QMake Project files">
      <UniqueIdentifier>{b0e2e1c8-8cbb-405a-81b6-d856c6d32ecf}</UniqueIdentifier>
    </Filter>
    <Filter Include="VisualGDB settings">
      <UniqueIdentifier>{5cd57ef4-4dd9-4efc-9bdb-7c93f7a887ed}</UniqueIdentifier>
    </Filter>
  </ItemGroup>
  <ItemGroup>
    <ClCompile Include="Agro2.cpp">
      <Filter>Source files</Filter>
    </ClCompile>
    <None Include="debug.pro">
      <Filter>QMake Project files</Filter>
    </None>
    <None Include="release.pro">
      <Filter>QMake Project files</Filter>
    </None>
    <None Include="Agro2-Debug.vgdbsettings">
      <Filter>VisualGDB settings</Filter>
    </None>
    <None Include="Agro2-Release.vgdbsettings">
      <Filter>VisualGDB settings</Filter>
    </None>
    <ClCompile Include="HW.cpp">
      <Filter>Source files</Filter>
    </ClCompile>
    <ClCompile Include="NW.cpp">
      <Filter>Source files</Filter>
    </ClCompile>
  </ItemGroup>
  <ItemGroup>
    <None Include="Agro2.pro" />
  </ItemGroup>
  <ItemGroup>
    <ClInclude Include="HW.h">
      <Filter>Header files</Filter>
    </ClInclude>
    <ClInclude Include="NW.h">
      <Filter>Header files</Filter>
    </ClInclude>
    <ClInclude Include="ProjectDef.h">
      <Filter>Header files</Filter>
    </ClInclude>
  </ItemGroup>
</Project>